
Microsoft Visual Studio Solution File, Format Version 12.00
# Visual Studio Version 16
VisualStudioVersion = 16.0.30503.244
MinimumVisualStudioVersion = 10.0.40219.1
Project("{FAE04EC0-301F-11D3-BF4B-00C04F79EFBC}") = "TradingCompany", "TradingCompany\TradingCompany.csproj", "{4CF68EAE-0AC1-4919-A4AB-F7D0AC682822}"
EndProject
Project("{FAE04EC0-301F-11D3-BF4B-00C04F79EFBC}") = "DTO", "DTO\DTO.csproj", "{4A5EC95C-228E-453A-B46F-B684AF44F84B}"
EndProject
Project("{FAE04EC0-301F-11D3-BF4B-00C04F79EFBC}") = "DALEF", "DALEF\DALEF.csproj", "{7401E15C-F587-42A8-8DBD-37224C7584FC}"
EndProject
Project("{FAE04EC0-301F-11D3-BF4B-00C04F79EFBC}") = "DAL", "DAL\DAL.csproj", "{27ECDC42-49E8-4CFD-A0D3-C83BF5E07029}"
EndProject
Project("{FAE04EC0-301F-11D3-BF4B-00C04F79EFBC}") = "CompanyWF", "CompanyWF\CompanyWF.csproj", "{F4712034-CEE8-4F21-8A1F-1D569EE92565}"
EndProject
Project("{FAE04EC0-301F-11D3-BF4B-00C04F79EFBC}") = "BusinessLogic", "BusinessLogic\BusinessLogic.csproj", "{FA05F814-C761-47CD-BC27-34600A24071F}"
EndProject
Project("{FAE04EC0-301F-11D3-BF4B-00C04F79EFBC}") = "CompanyWPF", "CompanyWPF\CompanyWPF.csproj", "{FF94AE34-C0E4-4CC8-8708-56045A9A78E3}"
EndProject
Global
	GlobalSection(SolutionConfigurationPlatforms) = preSolution
		Debug|Any CPU = Debug|Any CPU
		Release|Any CPU = Release|Any CPU
	EndGlobalSection
	GlobalSection(ProjectConfigurationPlatforms) = postSolution
		{4CF68EAE-0AC1-4919-A4AB-F7D0AC682822}.Debug|Any CPU.ActiveCfg = Debug|Any CPU
		{4CF68EAE-0AC1-4919-A4AB-F7D0AC682822}.Debug|Any CPU.Build.0 = Debug|Any CPU
		{4CF68EAE-0AC1-4919-A4AB-F7D0AC682822}.Release|Any CPU.ActiveCfg = Release|Any CPU
		{4CF68EAE-0AC1-4919-A4AB-F7D0AC682822}.Release|Any CPU.Build.0 = Release|Any CPU
		{4A5EC95C-228E-453A-B46F-B684AF44F84B}.Debug|Any CPU.ActiveCfg = Debug|Any CPU
		{4A5EC95C-228E-453A-B46F-B684AF44F84B}.Debug|Any CPU.Build.0 = Debug|Any CPU
		{4A5EC95C-228E-453A-B46F-B684AF44F84B}.Release|Any CPU.ActiveCfg = Release|Any CPU
		{4A5EC95C-228E-453A-B46F-B684AF44F84B}.Release|Any CPU.Build.0 = Release|Any CPU
		{7401E15C-F587-42A8-8DBD-37224C7584FC}.Debug|Any CPU.ActiveCfg = Debug|Any CPU
		{7401E15C-F587-42A8-8DBD-37224C7584FC}.Debug|Any CPU.Build.0 = Debug|Any CPU
		{7401E15C-F587-42A8-8DBD-37224C7584FC}.Release|Any CPU.ActiveCfg = Release|Any CPU
		{7401E15C-F587-42A8-8DBD-37224C7584FC}.Release|Any CPU.Build.0 = Release|Any CPU
		{27ECDC42-49E8-4CFD-A0D3-C83BF5E07029}.Debug|Any CPU.ActiveCfg = Debug|Any CPU
		{27ECDC42-49E8-4CFD-A0D3-C83BF5E07029}.Debug|Any CPU.Build.0 = Debug|Any CPU
		{27ECDC42-49E8-4CFD-A0D3-C83BF5E07029}.Release|Any CPU.ActiveCfg = Release|Any CPU
		{27ECDC42-49E8-4CFD-A0D3-C83BF5E07029}.Release|Any CPU.Build.0 = Release|Any CPU
		{F4712034-CEE8-4F21-8A1F-1D569EE92565}.Debug|Any CPU.ActiveCfg = Debug|Any CPU
		{F4712034-CEE8-4F21-8A1F-1D569EE92565}.Debug|Any CPU.Build.0 = Debug|Any CPU
		{F4712034-CEE8-4F21-8A1F-1D569EE92565}.Release|Any CPU.ActiveCfg = Release|Any CPU
		{F4712034-CEE8-4F21-8A1F-1D569EE92565}.Release|Any CPU.Build.0 = Release|Any CPU
		{FA05F814-C761-47CD-BC27-34600A24071F}.Debug|Any CPU.ActiveCfg = Debug|Any CPU
		{FA05F814-C761-47CD-BC27-34600A24071F}.Debug|Any CPU.Build.0 = Debug|Any CPU
		{FA05F814-C761-47CD-BC27-34600A24071F}.Release|Any CPU.ActiveCfg = Release|Any CPU
		{FA05F814-C761-47CD-BC27-34600A24071F}.Release|Any CPU.Build.0 = Release|Any CPU
		{FF94AE34-C0E4-4CC8-8708-56045A9A78E3}.Debug|Any CPU.ActiveCfg = Debug|Any CPU
		{FF94AE34-C0E4-4CC8-8708-56045A9A78E3}.Debug|Any CPU.Build.0 = Debug|Any CPU
		{FF94AE34-C0E4-4CC8-8708-56045A9A78E3}.Release|Any CPU.ActiveCfg = Release|Any CPU
		{FF94AE34-C0E4-4CC8-8708-56045A9A78E3}.Release|Any CPU.Build.0 = Release|Any CPU
	EndGlobalSection
	GlobalSection(SolutionProperties) = preSolution
		HideSolutionNode = FALSE
	EndGlobalSection
	GlobalSection(ExtensibilityGlobals) = postSolution
		SolutionGuid = {F7101859-CA63-4251-B185-526F873D3A94}
	EndGlobalSection
EndGlobal
